
Microsoft Visual Studio Solution File, Format Version 12.00
# Visual Studio Version 17
VisualStudioVersion = 17.14.36301.6 d17.14
MinimumVisualStudioVersion = 10.0.40219.1
Project("{FAE04EC0-301F-11D3-BF4B-00C04F79EFBC}") = "TesteTecnicoWPF", "TesteTecnicoWPF\TesteTecnicoWPF.csproj", "{BCF769F6-1E35-48C2-95BE-A92D9437437A}"
EndProject
Global
	GlobalSection(SolutionConfigurationPlatforms) = preSolution
		Debug|Any CPU = Debug|Any CPU
		Release|Any CPU = Release|Any CPU
	EndGlobalSection
	GlobalSection(ProjectConfigurationPlatforms) = postSolution
		{BCF769F6-1E35-48C2-95BE-A92D9437437A}.Debug|Any CPU.ActiveCfg = Debug|Any CPU
		{BCF769F6-1E35-48C2-95BE-A92D9437437A}.Debug|Any CPU.Build.0 = Debug|Any CPU
		{BCF769F6-1E35-48C2-95BE-A92D9437437A}.Release|Any CPU.ActiveCfg = Release|Any CPU
		{BCF769F6-1E35-48C2-95BE-A92D9437437A}.Release|Any CPU.Build.0 = Release|Any CPU
	EndGlobalSection
	GlobalSection(SolutionProperties) = preSolution
		HideSolutionNode = FALSE
	EndGlobalSection
	GlobalSection(ExtensibilityGlobals) = postSolution
		SolutionGuid = {A48F34FB-06C4-4281-9224-951D6BBEE6EE}
	EndGlobalSection
EndGlobal
